// !$*UTF8*$!
{
	archiveVersion = 1;
	classes = {
	};
	objectVersion = 51;
	objects = {

/* Begin PBXBuildFile section */
		24C2643B36E042BC1C9F73EE /* Pods_Parstagram.framework in Frameworks */ = {isa = PBXBuildFile; fileRef = 98455B3F81A8B94B82F388E7 /* Pods_Parstagram.framework */; };
		7C264A9625413CFD0079AB91 /* AppDelegate.swift in Sources */ = {isa = PBXBuildFile; fileRef = 7C264A9525413CFD0079AB91 /* AppDelegate.swift */; };
		7C264A9825413CFD0079AB91 /* SceneDelegate.swift in Sources */ = {isa = PBXBuildFile; fileRef = 7C264A9725413CFD0079AB91 /* SceneDelegate.swift */; };
		7C264A9D25413CFD0079AB91 /* Main.storyboard in Resources */ = {isa = PBXBuildFile; fileRef = 7C264A9B25413CFD0079AB91 /* Main.storyboard */; };
		7C264A9F25413D000079AB91 /* Assets.xcassets in Resources */ = {isa = PBXBuildFile; fileRef = 7C264A9E25413D000079AB91 /* Assets.xcassets */; };
		7C264AA225413D000079AB91 /* LaunchScreen.storyboard in Resources */ = {isa = PBXBuildFile; fileRef = 7C264AA025413D000079AB91 /* LaunchScreen.storyboard */; };
		7C264AAD25413D000079AB91 /* ParstagramTests.swift in Sources */ = {isa = PBXBuildFile; fileRef = 7C264AAC25413D000079AB91 /* ParstagramTests.swift */; };
		7C264AB825413D000079AB91 /* ParstagramUITests.swift in Sources */ = {isa = PBXBuildFile; fileRef = 7C264AB725413D000079AB91 /* ParstagramUITests.swift */; };
		7C264ACC25413DDF0079AB91 /* LoginViewController.swift in Sources */ = {isa = PBXBuildFile; fileRef = 7C264ACB25413DDF0079AB91 /* LoginViewController.swift */; };
		7C264AD125413DF60079AB91 /* FeedViewController.swift in Sources */ = {isa = PBXBuildFile; fileRef = 7C264AD025413DF60079AB91 /* FeedViewController.swift */; };
		7CC3E471254B964C00DAE984 /* CommentCell.swift in Sources */ = {isa = PBXBuildFile; fileRef = 7CC3E470254B964C00DAE984 /* CommentCell.swift */; };
		7CDD3FA825424E0D00717673 /* PostCell.swift in Sources */ = {isa = PBXBuildFile; fileRef = 7CDD3FA725424E0D00717673 /* PostCell.swift */; };
		7CF57E5125415E2900914141 /* CameraViewController.swift in Sources */ = {isa = PBXBuildFile; fileRef = 7CF57E5025415E2900914141 /* CameraViewController.swift */; };
		8294DD9A9931F303DF302400 /* Pods_ParstagramTests.framework in Frameworks */ = {isa = PBXBuildFile; fileRef = B683B91D7FE3A1F86725104E /* Pods_ParstagramTests.framework */; };
		CB1550AF4D3868A61CA458FF /* Pods_Parstagram_ParstagramUITests.framework in Frameworks */ = {isa = PBXBuildFile; fileRef = 54F6206358BB9A85C513C36D /* Pods_Parstagram_ParstagramUITests.framework */; };
/* End PBXBuildFile section */

/* Begin PBXContainerItemProxy section */
		7C264AA925413D000079AB91 /* PBXContainerItemProxy */ = {
			isa = PBXContainerItemProxy;
			containerPortal = 7C264A8A25413CFD0079AB91 /* Project object */;
			proxyType = 1;
			remoteGlobalIDString = 7C264A9125413CFD0079AB91;
			remoteInfo = Parstagram;
		};
		7C264AB425413D000079AB91 /* PBXContainerItemProxy */ = {
			isa = PBXContainerItemProxy;
			containerPortal = 7C264A8A25413CFD0079AB91 /* Project object */;
			proxyType = 1;
			remoteGlobalIDString = 7C264A9125413CFD0079AB91;
			remoteInfo = Parstagram;
		};
/* End PBXContainerItemProxy section */

/* Begin PBXFileReference section */
		01A52F4BDEA541C6038B7C6B /* Pods-Parstagram.release.xcconfig */ = {isa = PBXFileReference; includeInIndex = 1; lastKnownFileType = text.xcconfig; name = "Pods-Parstagram.release.xcconfig"; path = "Target Support Files/Pods-Parstagram/Pods-Parstagram.release.xcconfig"; sourceTree = "<group>"; };
		54F6206358BB9A85C513C36D /* Pods_Parstagram_ParstagramUITests.framework */ = {isa = PBXFileReference; explicitFileType = wrapper.framework; includeInIndex = 0; path = Pods_Parstagram_ParstagramUITests.framework; sourceTree = BUILT_PRODUCTS_DIR; };
		6805B44250D703E508074B56 /* Pods-ParstagramTests.release.xcconfig */ = {isa = PBXFileReference; includeInIndex = 1; lastKnownFileType = text.xcconfig; name = "Pods-ParstagramTests.release.xcconfig"; path = "Target Support Files/Pods-ParstagramTests/Pods-ParstagramTests.release.xcconfig"; sourceTree = "<group>"; };
		795906CACBF38C0060AE161E /* Pods-Parstagram.debug.xcconfig */ = {isa = PBXFileReference; includeInIndex = 1; lastKnownFileType = text.xcconfig; name = "Pods-Parstagram.debug.xcconfig"; path = "Target Support Files/Pods-Parstagram/Pods-Parstagram.debug.xcconfig"; sourceTree = "<group>"; };
		7C264A9225413CFD0079AB91 /* Parstagram.app */ = {isa = PBXFileReference; explicitFileType = wrapper.application; includeInIndex = 0; path = Parstagram.app; sourceTree = BUILT_PRODUCTS_DIR; };
		7C264A9525413CFD0079AB91 /* AppDelegate.swift */ = {isa = PBXFileReference; lastKnownFileType = sourcecode.swift; path = AppDelegate.swift; sourceTree = "<group>"; };
		7C264A9725413CFD0079AB91 /* SceneDelegate.swift */ = {isa = PBXFileReference; lastKnownFileType = sourcecode.swift; path = SceneDelegate.swift; sourceTree = "<group>"; };
		7C264A9C25413CFD0079AB91 /* Base */ = {isa = PBXFileReference; lastKnownFileType = file.storyboard; name = Base; path = Base.lproj/Main.storyboard; sourceTree = "<group>"; };
		7C264A9E25413D000079AB91 /* Assets.xcassets */ = {isa = PBXFileReference; lastKnownFileType = folder.assetcatalog; path = Assets.xcassets; sourceTree = "<group>"; };
		7C264AA125413D000079AB91 /* Base */ = {isa = PBXFileReference; lastKnownFileType = file.storyboard; name = Base; path = Base.lproj/LaunchScreen.storyboard; sourceTree = "<group>"; };
		7C264AA325413D000079AB91 /* Info.plist */ = {isa = PBXFileReference; lastKnownFileType = text.plist.xml; path = Info.plist; sourceTree = "<group>"; };
		7C264AA825413D000079AB91 /* ParstagramTests.xctest */ = {isa = PBXFileReference; explicitFileType = wrapper.cfbundle; includeInIndex = 0; path = ParstagramTests.xctest; sourceTree = BUILT_PRODUCTS_DIR; };
		7C264AAC25413D000079AB91 /* ParstagramTests.swift */ = {isa = PBXFileReference; lastKnownFileType = sourcecode.swift; path = ParstagramTests.swift; sourceTree = "<group>"; };
		7C264AAE25413D000079AB91 /* Info.plist */ = {isa = PBXFileReference; lastKnownFileType = text.plist.xml; path = Info.plist; sourceTree = "<group>"; };
		7C264AB325413D000079AB91 /* ParstagramUITests.xctest */ = {isa = PBXFileReference; explicitFileType = wrapper.cfbundle; includeInIndex = 0; path = ParstagramUITests.xctest; sourceTree = BUILT_PRODUCTS_DIR; };
		7C264AB725413D000079AB91 /* ParstagramUITests.swift */ = {isa = PBXFileReference; lastKnownFileType = sourcecode.swift; path = ParstagramUITests.swift; sourceTree = "<group>"; };
		7C264AB925413D000079AB91 /* Info.plist */ = {isa = PBXFileReference; lastKnownFileType = text.plist.xml; path = Info.plist; sourceTree = "<group>"; };
		7C264ACB25413DDF0079AB91 /* LoginViewController.swift */ = {isa = PBXFileReference; lastKnownFileType = sourcecode.swift; path = LoginViewController.swift; sourceTree = "<group>"; };
		7C264AD025413DF60079AB91 /* FeedViewController.swift */ = {isa = PBXFileReference; lastKnownFileType = sourcecode.swift; path = FeedViewController.swift; sourceTree = "<group>"; };
		7CC3E470254B964C00DAE984 /* CommentCell.swift */ = {isa = PBXFileReference; lastKnownFileType = sourcecode.swift; path = CommentCell.swift; sourceTree = "<group>"; };
		7CDD3FA725424E0D00717673 /* PostCell.swift */ = {isa = PBXFileReference; lastKnownFileType = sourcecode.swift; path = PostCell.swift; sourceTree = "<group>"; };
		7CE4A5DD9740D88738219072 /* Pods-Parstagram-ParstagramUITests.release.xcconfig */ = {isa = PBXFileReference; includeInIndex = 1; lastKnownFileType = text.xcconfig; name = "Pods-Parstagram-ParstagramUITests.release.xcconfig"; path = "Target Support Files/Pods-Parstagram-ParstagramUITests/Pods-Parstagram-ParstagramUITests.release.xcconfig"; sourceTree = "<group>"; };
		7CF57E5025415E2900914141 /* CameraViewController.swift */ = {isa = PBXFileReference; lastKnownFileType = sourcecode.swift; path = CameraViewController.swift; sourceTree = "<group>"; };
		98455B3F81A8B94B82F388E7 /* Pods_Parstagram.framework */ = {isa = PBXFileReference; explicitFileType = wrapper.framework; includeInIndex = 0; path = Pods_Parstagram.framework; sourceTree = BUILT_PRODUCTS_DIR; };
		B683B91D7FE3A1F86725104E /* Pods_ParstagramTests.framework */ = {isa = PBXFileReference; explicitFileType = wrapper.framework; includeInIndex = 0; path = Pods_ParstagramTests.framework; sourceTree = BUILT_PRODUCTS_DIR; };
		EAEE87DF3AC0ABAB399D74BE /* Pods-Parstagram-ParstagramUITests.debug.xcconfig */ = {isa = PBXFileReference; includeInIndex = 1; lastKnownFileType = text.xcconfig; name = "Pods-Parstagram-ParstagramUITests.debug.xcconfig"; path = "Target Support Files/Pods-Parstagram-ParstagramUITests/Pods-Parstagram-ParstagramUITests.debug.xcconfig"; sourceTree = "<group>"; };
		F4EBDBEA6D5E2955BF84B7ED /* Pods-ParstagramTests.debug.xcconfig */ = {isa = PBXFileReference; includeInIndex = 1; lastKnownFileType = text.xcconfig; name = "Pods-ParstagramTests.debug.xcconfig"; path = "Target Support Files/Pods-ParstagramTests/Pods-ParstagramTests.debug.xcconfig"; sourceTree = "<group>"; };
/* End PBXFileReference section */

/* Begin PBXFrameworksBuildPhase section */
		7C264A8F25413CFD0079AB91 /* Frameworks */ = {
			isa = PBXFrameworksBuildPhase;
			buildActionMask = 2147483647;
			files = (
				24C2643B36E042BC1C9F73EE /* Pods_Parstagram.framework in Frameworks */,
			);
			runOnlyForDeploymentPostprocessing = 0;
		};
		7C264AA525413D000079AB91 /* Frameworks */ = {
			isa = PBXFrameworksBuildPhase;
			buildActionMask = 2147483647;
			files = (
				8294DD9A9931F303DF302400 /* Pods_ParstagramTests.framework in Frameworks */,
			);
			runOnlyForDeploymentPostprocessing = 0;
		};
		7C264AB025413D000079AB91 /* Frameworks */ = {
			isa = PBXFrameworksBuildPhase;
			buildActionMask = 2147483647;
			files = (
				CB1550AF4D3868A61CA458FF /* Pods_Parstagram_ParstagramUITests.framework in Frameworks */,
			);
			runOnlyForDeploymentPostprocessing = 0;
		};
/* End PBXFrameworksBuildPhase section */

/* Begin PBXGroup section */
		5BA6E750F85776B5C76B16E1 /* Pods */ = {
			isa = PBXGroup;
			children = (
				795906CACBF38C0060AE161E /* Pods-Parstagram.debug.xcconfig */,
				01A52F4BDEA541C6038B7C6B /* Pods-Parstagram.release.xcconfig */,
				EAEE87DF3AC0ABAB399D74BE /* Pods-Parstagram-ParstagramUITests.debug.xcconfig */,
				7CE4A5DD9740D88738219072 /* Pods-Parstagram-ParstagramUITests.release.xcconfig */,
				F4EBDBEA6D5E2955BF84B7ED /* Pods-ParstagramTests.debug.xcconfig */,
				6805B44250D703E508074B56 /* Pods-ParstagramTests.release.xcconfig */,
			);
			path = Pods;
			sourceTree = "<group>";
		};
		7C264A8925413CFD0079AB91 = {
			isa = PBXGroup;
			children = (
				7C264A9425413CFD0079AB91 /* Parstagram */,
				7C264AAB25413D000079AB91 /* ParstagramTests */,
				7C264AB625413D000079AB91 /* ParstagramUITests */,
				7C264A9325413CFD0079AB91 /* Products */,
				5BA6E750F85776B5C76B16E1 /* Pods */,
				EAAA0EC1D6BA460D7EE62695 /* Frameworks */,
			);
			sourceTree = "<group>";
		};
		7C264A9325413CFD0079AB91 /* Products */ = {
			isa = PBXGroup;
			children = (
				7C264A9225413CFD0079AB91 /* Parstagram.app */,
				7C264AA825413D000079AB91 /* ParstagramTests.xctest */,
				7C264AB325413D000079AB91 /* ParstagramUITests.xctest */,
			);
			name = Products;
			sourceTree = "<group>";
		};
		7C264A9425413CFD0079AB91 /* Parstagram */ = {
			isa = PBXGroup;
			children = (
				7C264A9525413CFD0079AB91 /* AppDelegate.swift */,
				7C264A9725413CFD0079AB91 /* SceneDelegate.swift */,
				7C264A9B25413CFD0079AB91 /* Main.storyboard */,
				7C264A9E25413D000079AB91 /* Assets.xcassets */,
				7C264AA025413D000079AB91 /* LaunchScreen.storyboard */,
				7C264AA325413D000079AB91 /* Info.plist */,
				7C264ACB25413DDF0079AB91 /* LoginViewController.swift */,
				7C264AD025413DF60079AB91 /* FeedViewController.swift */,
				7CF57E5025415E2900914141 /* CameraViewController.swift */,
				7CDD3FA725424E0D00717673 /* PostCell.swift */,
				7CC3E470254B964C00DAE984 /* CommentCell.swift */,
			);
			path = Parstagram;
			sourceTree = "<group>";
		};
		7C264AAB25413D000079AB91 /* ParstagramTests */ = {
			isa = PBXGroup;
			children = (
				7C264AAC25413D000079AB91 /* ParstagramTests.swift */,
				7C264AAE25413D000079AB91 /* Info.plist */,
			);
			path = ParstagramTests;
			sourceTree = "<group>";
		};
		7C264AB625413D000079AB91 /* ParstagramUITests */ = {
			isa = PBXGroup;
			children = (
				7C264AB725413D000079AB91 /* ParstagramUITests.swift */,
				7C264AB925413D000079AB91 /* Info.plist */,
			);
			path = ParstagramUITests;
			sourceTree = "<group>";
		};
		EAAA0EC1D6BA460D7EE62695 /* Frameworks */ = {
			isa = PBXGroup;
			children = (
				98455B3F81A8B94B82F388E7 /* Pods_Parstagram.framework */,
				54F6206358BB9A85C513C36D /* Pods_Parstagram_ParstagramUITests.framework */,
				B683B91D7FE3A1F86725104E /* Pods_ParstagramTests.framework */,
			);
			name = Frameworks;
			sourceTree = "<group>";
		};
/* End PBXGroup section */

/* Begin PBXNativeTarget section */
		7C264A9125413CFD0079AB91 /* Parstagram */ = {
			isa = PBXNativeTarget;
			buildConfigurationList = 7C264ABC25413D000079AB91 /* Build configuration list for PBXNativeTarget "Parstagram" */;
			buildPhases = (
				C9FAC3CABF6C64F8F4634648 /* [CP] Check Pods Manifest.lock */,
				7C264A8E25413CFD0079AB91 /* Sources */,
				7C264A8F25413CFD0079AB91 /* Frameworks */,
				7C264A9025413CFD0079AB91 /* Resources */,
				5ED4C36B5165A56BBD7E7482 /* [CP] Embed Pods Frameworks */,
			);
			buildRules = (
			);
			dependencies = (
			);
			name = Parstagram;
			productName = Parstagram;
			productReference = 7C264A9225413CFD0079AB91 /* Parstagram.app */;
			productType = "com.apple.product-type.application";
		};
		7C264AA725413D000079AB91 /* ParstagramTests */ = {
			isa = PBXNativeTarget;
			buildConfigurationList = 7C264ABF25413D000079AB91 /* Build configuration list for PBXNativeTarget "ParstagramTests" */;
			buildPhases = (
				788302EF236C38B4D91421B4 /* [CP] Check Pods Manifest.lock */,
				7C264AA425413D000079AB91 /* Sources */,
				7C264AA525413D000079AB91 /* Frameworks */,
				7C264AA625413D000079AB91 /* Resources */,
			);
			buildRules = (
			);
			dependencies = (
				7C264AAA25413D000079AB91 /* PBXTargetDependency */,
			);
			name = ParstagramTests;
			productName = ParstagramTests;
			productReference = 7C264AA825413D000079AB91 /* ParstagramTests.xctest */;
			productType = "com.apple.product-type.bundle.unit-test";
		};
		7C264AB225413D000079AB91 /* ParstagramUITests */ = {
			isa = PBXNativeTarget;
			buildConfigurationList = 7C264AC225413D000079AB91 /* Build configuration list for PBXNativeTarget "ParstagramUITests" */;
			buildPhases = (
				B252BC469B3E2AE738DD838B /* [CP] Check Pods Manifest.lock */,
				7C264AAF25413D000079AB91 /* Sources */,
				7C264AB025413D000079AB91 /* Frameworks */,
				7C264AB125413D000079AB91 /* Resources */,
				D9B044F123FAD37879854699 /* [CP] Embed Pods Frameworks */,
			);
			buildRules = (
			);
			dependencies = (
				7C264AB525413D000079AB91 /* PBXTargetDependency */,
			);
			name = ParstagramUITests;
			productName = ParstagramUITests;
			productReference = 7C264AB325413D000079AB91 /* ParstagramUITests.xctest */;
			productType = "com.apple.product-type.bundle.ui-testing";
		};
/* End PBXNativeTarget section */

/* Begin PBXProject section */
		7C264A8A25413CFD0079AB91 /* Project object */ = {
			isa = PBXProject;
			attributes = {
				LastSwiftUpdateCheck = 1200;
				LastUpgradeCheck = 1200;
				TargetAttributes = {
					7C264A9125413CFD0079AB91 = {
						CreatedOnToolsVersion = 12.0.1;
					};
					7C264AA725413D000079AB91 = {
						CreatedOnToolsVersion = 12.0.1;
						TestTargetID = 7C264A9125413CFD0079AB91;
					};
					7C264AB225413D000079AB91 = {
						CreatedOnToolsVersion = 12.0.1;
						TestTargetID = 7C264A9125413CFD0079AB91;
					};
				};
			};
			buildConfigurationList = 7C264A8D25413CFD0079AB91 /* Build configuration list for PBXProject "Parstagram" */;
			compatibilityVersion = "Xcode 9.3";
			developmentRegion = en;
			hasScannedForEncodings = 0;
			knownRegions = (
				en,
				Base,
			);
			mainGroup = 7C264A8925413CFD0079AB91;
			productRefGroup = 7C264A9325413CFD0079AB91 /* Products */;
			projectDirPath = "";
			projectRoot = "";
			targets = (
				7C264A9125413CFD0079AB91 /* Parstagram */,
				7C264AA725413D000079AB91 /* ParstagramTests */,
				7C264AB225413D000079AB91 /* ParstagramUITests */,
			);
		};
/* End PBXProject section */

/* Begin PBXResourcesBuildPhase section */
		7C264A9025413CFD0079AB91 /* Resources */ = {
			isa = PBXResourcesBuildPhase;
			buildActionMask = 2147483647;
			files = (
				7C264AA225413D000079AB91 /* LaunchScreen.storyboard in Resources */,
				7C264A9F25413D000079AB91 /* Assets.xcassets in Resources */,
				7C264A9D25413CFD0079AB91 /* Main.storyboard in Resources */,
			);
			runOnlyForDeploymentPostprocessing = 0;
		};
		7C264AA625413D000079AB91 /* Resources */ = {
			isa = PBXResourcesBuildPhase;
			buildActionMask = 2147483647;
			files = (
			);
			runOnlyForDeploymentPostprocessing = 0;
		};
		7C264AB125413D000079AB91 /* Resources */ = {
			isa = PBXResourcesBuildPhase;
			buildActionMask = 2147483647;
			files = (
			);
			runOnlyForDeploymentPostprocessing = 0;
		};
/* End PBXResourcesBuildPhase section */

/* Begin PBXShellScriptBuildPhase section */
		5ED4C36B5165A56BBD7E7482 /* [CP] Embed Pods Frameworks */ = {
			isa = PBXShellScriptBuildPhase;
			buildActionMask = 2147483647;
			files = (
			);
			inputFileListPaths = (
				"${PODS_ROOT}/Target Support Files/Pods-Parstagram/Pods-Parstagram-frameworks-${CONFIGURATION}-input-files.xcfilelist",
			);
			name = "[CP] Embed Pods Frameworks";
			outputFileListPaths = (
				"${PODS_ROOT}/Target Support Files/Pods-Parstagram/Pods-Parstagram-frameworks-${CONFIGURATION}-output-files.xcfilelist",
			);
			runOnlyForDeploymentPostprocessing = 0;
			shellPath = /bin/sh;
			shellScript = "\"${PODS_ROOT}/Target Support Files/Pods-Parstagram/Pods-Parstagram-frameworks.sh\"\n";
			showEnvVarsInLog = 0;
		};
		788302EF236C38B4D91421B4 /* [CP] Check Pods Manifest.lock */ = {
			isa = PBXShellScriptBuildPhase;
			buildActionMask = 2147483647;
			files = (
			);
			inputFileListPaths = (
			);
			inputPaths = (
				"${PODS_PODFILE_DIR_PATH}/Podfile.lock",
				"${PODS_ROOT}/Manifest.lock",
			);
			name = "[CP] Check Pods Manifest.lock";
			outputFileListPaths = (
			);
			outputPaths = (
				"$(DERIVED_FILE_DIR)/Pods-ParstagramTests-checkManifestLockResult.txt",
			);
			runOnlyForDeploymentPostprocessing = 0;
			shellPath = /bin/sh;
			shellScript = "diff \"${PODS_PODFILE_DIR_PATH}/Podfile.lock\" \"${PODS_ROOT}/Manifest.lock\" > /dev/null\nif [ $? != 0 ] ; then\n    # print error to STDERR\n    echo \"error: The sandbox is not in sync with the Podfile.lock. Run 'pod install' or update your CocoaPods installation.\" >&2\n    exit 1\nfi\n# This output is used by Xcode 'outputs' to avoid re-running this script phase.\necho \"SUCCESS\" > \"${SCRIPT_OUTPUT_FILE_0}\"\n";
			showEnvVarsInLog = 0;
		};
		B252BC469B3E2AE738DD838B /* [CP] Check Pods Manifest.lock */ = {
			isa = PBXShellScriptBuildPhase;
			buildActionMask = 2147483647;
			files = (
			);
			inputFileListPaths = (
			);
			inputPaths = (
				"${PODS_PODFILE_DIR_PATH}/Podfile.lock",
				"${PODS_ROOT}/Manifest.lock",
			);
			name = "[CP] Check Pods Manifest.lock";
			outputFileListPaths = (
			);
			outputPaths = (
				"$(DERIVED_FILE_DIR)/Pods-Parstagram-ParstagramUITests-checkManifestLockResult.txt",
			);
			runOnlyForDeploymentPostprocessing = 0;
			shellPath = /bin/sh;
			shellScript = "diff \"${PODS_PODFILE_DIR_PATH}/Podfile.lock\" \"${PODS_ROOT}/Manifest.lock\" > /dev/null\nif [ $? != 0 ] ; then\n    # print error to STDERR\n    echo \"error: The sandbox is not in sync with the Podfile.lock. Run 'pod install' or update your CocoaPods installation.\" >&2\n    exit 1\nfi\n# This output is used by Xcode 'outputs' to avoid re-running this script phase.\necho \"SUCCESS\" > \"${SCRIPT_OUTPUT_FILE_0}\"\n";
			showEnvVarsInLog = 0;
		};
		C9FAC3CABF6C64F8F4634648 /* [CP] Check Pods Manifest.lock */ = {
			isa = PBXShellScriptBuildPhase;
			buildActionMask = 2147483647;
			files = (
			);
			inputFileListPaths = (
			);
			inputPaths = (
				"${PODS_PODFILE_DIR_PATH}/Podfile.lock",
				"${PODS_ROOT}/Manifest.lock",
			);
			name = "[CP] Check Pods Manifest.lock";
			outputFileListPaths = (
			);
			outputPaths = (
				"$(DERIVED_FILE_DIR)/Pods-Parstagram-checkManifestLockResult.txt",
			);
			runOnlyForDeploymentPostprocessing = 0;
			shellPath = /bin/sh;
			shellScript = "diff \"${PODS_PODFILE_DIR_PATH}/Podfile.lock\" \"${PODS_ROOT}/Manifest.lock\" > /dev/null\nif [ $? != 0 ] ; then\n    # print error to STDERR\n    echo \"error: The sandbox is not in sync with the Podfile.lock. Run 'pod install' or update your CocoaPods installation.\" >&2\n    exit 1\nfi\n# This output is used by Xcode 'outputs' to avoid re-running this script phase.\necho \"SUCCESS\" > \"${SCRIPT_OUTPUT_FILE_0}\"\n";
			showEnvVarsInLog = 0;
		};
		D9B044F123FAD37879854699 /* [CP] Embed Pods Frameworks */ = {
			isa = PBXShellScriptBuildPhase;
			buildActionMask = 2147483647;
			files = (
			);
			inputFileListPaths = (
				"${PODS_ROOT}/Target Support Files/Pods-Parstagram-ParstagramUITests/Pods-Parstagram-ParstagramUITests-frameworks-${CONFIGURATION}-input-files.xcfilelist",
			);
			name = "[CP] Embed Pods Frameworks";
			outputFileListPaths = (
				"${PODS_ROOT}/Target Support Files/Pods-Parstagram-ParstagramUITests/Pods-Parstagram-ParstagramUITests-frameworks-${CONFIGURATION}-output-files.xcfilelist",
			);
			runOnlyForDeploymentPostprocessing = 0;
			shellPath = /bin/sh;
			shellScript = "\"${PODS_ROOT}/Target Support Files/Pods-Parstagram-ParstagramUITests/Pods-Parstagram-ParstagramUITests-frameworks.sh\"\n";
			showEnvVarsInLog = 0;
		};
/* End PBXShellScriptBuildPhase section */

/* Begin PBXSourcesBuildPhase section */
		7C264A8E25413CFD0079AB91 /* Sources */ = {
			isa = PBXSourcesBuildPhase;
			buildActionMask = 2147483647;
			files = (
				7C264ACC25413DDF0079AB91 /* LoginViewController.swift in Sources */,
				7CF57E5125415E2900914141 /* CameraViewController.swift in Sources */,
				7C264A9625413CFD0079AB91 /* AppDelegate.swift in Sources */,
				7C264AD125413DF60079AB91 /* FeedViewController.swift in Sources */,
				7C264A9825413CFD0079AB91 /* SceneDelegate.swift in Sources */,
				7CDD3FA825424E0D00717673 /* PostCell.swift in Sources */,
				7CC3E471254B964C00DAE984 /* CommentCell.swift in Sources */,
			);
			runOnlyForDeploymentPostprocessing = 0;
		};
		7C264AA425413D000079AB91 /* Sources */ = {
			isa = PBXSourcesBuildPhase;
			buildActionMask = 2147483647;
			files = (
				7C264AAD25413D000079AB91 /* ParstagramTests.swift in Sources */,
			);
			runOnlyForDeploymentPostprocessing = 0;
		};
		7C264AAF25413D000079AB91 /* Sources */ = {
			isa = PBXSourcesBuildPhase;
			buildActionMask = 2147483647;
			files = (
				7C264AB825413D000079AB91 /* ParstagramUITests.swift in Sources */,
			);
			runOnlyForDeploymentPostprocessing = 0;
		};
/* End PBXSourcesBuildPhase section */

/* Begin PBXTargetDependency section */
		7C264AAA25413D000079AB91 /* PBXTargetDependency */ = {
			isa = PBXTargetDependency;
			target = 7C264A9125413CFD0079AB91 /* Parstagram */;
			targetProxy = 7C264AA925413D000079AB91 /* PBXContainerItemProxy */;
		};
		7C264AB525413D000079AB91 /* PBXTargetDependency */ = {
			isa = PBXTargetDependency;
			target = 7C264A9125413CFD0079AB91 /* Parstagram */;
			targetProxy = 7C264AB425413D000079AB91 /* PBXContainerItemProxy */;
		};
/* End PBXTargetDependency section */

/* Begin PBXVariantGroup section */
		7C264A9B25413CFD0079AB91 /* Main.storyboard */ = {
			isa = PBXVariantGroup;
			children = (
				7C264A9C25413CFD0079AB91 /* Base */,
			);
			name = Main.storyboard;
			sourceTree = "<group>";
		};
		7C264AA025413D000079AB91 /* LaunchScreen.storyboard */ = {
			isa = PBXVariantGroup;
			children = (
				7C264AA125413D000079AB91 /* Base */,
			);
			name = LaunchScreen.storyboard;
			sourceTree = "<group>";
		};
/* End PBXVariantGroup section */

/* Begin XCBuildConfiguration section */
		7C264ABA25413D000079AB91 /* Debug */ = {
			isa = XCBuildConfiguration;
			buildSettings = {
				ALWAYS_SEARCH_USER_PATHS = NO;
				CLANG_ANALYZER_NONNULL = YES;
				CLANG_ANALYZER_NUMBER_OBJECT_CONVERSION = YES_AGGRESSIVE;
				CLANG_CXX_LANGUAGE_STANDARD = "gnu++14";
				CLANG_CXX_LIBRARY = "libc++";
				CLANG_ENABLE_MODULES = YES;
				CLANG_ENABLE_OBJC_ARC = YES;
				CLANG_ENABLE_OBJC_WEAK = YES;
				CLANG_WARN_BLOCK_CAPTURE_AUTORELEASING = YES;
				CLANG_WARN_BOOL_CONVERSION = YES;
				CLANG_WARN_COMMA = YES;
				CLANG_WARN_CONSTANT_CONVERSION = YES;
				CLANG_WARN_DEPRECATED_OBJC_IMPLEMENTATIONS = YES;
				CLANG_WARN_DIRECT_OBJC_ISA_USAGE = YES_ERROR;
				CLANG_WARN_DOCUMENTATION_COMMENTS = YES;
				CLANG_WARN_EMPTY_BODY = YES;
				CLANG_WARN_ENUM_CONVERSION = YES;
				CLANG_WARN_INFINITE_RECURSION = YES;
				CLANG_WARN_INT_CONVERSION = YES;
				CLANG_WARN_NON_LITERAL_NULL_CONVERSION = YES;
				CLANG_WARN_OBJC_IMPLICIT_RETAIN_SELF = YES;
				CLANG_WARN_OBJC_LITERAL_CONVERSION = YES;
				CLANG_WARN_OBJC_ROOT_CLASS = YES_ERROR;
				CLANG_WARN_QUOTED_INCLUDE_IN_FRAMEWORK_HEADER = YES;
				CLANG_WARN_RANGE_LOOP_ANALYSIS = YES;
				CLANG_WARN_STRICT_PROTOTYPES = YES;
				CLANG_WARN_SUSPICIOUS_MOVE = YES;
				CLANG_WARN_UNGUARDED_AVAILABILITY = YES_AGGRESSIVE;
				CLANG_WARN_UNREACHABLE_CODE = YES;
				CLANG_WARN__DUPLICATE_METHOD_MATCH = YES;
				COPY_PHASE_STRIP = NO;
				DEBUG_INFORMATION_FORMAT = dwarf;
				ENABLE_STRICT_OBJC_MSGSEND = YES;
				ENABLE_TESTABILITY = YES;
				GCC_C_LANGUAGE_STANDARD = gnu11;
				GCC_DYNAMIC_NO_PIC = NO;
				GCC_NO_COMMON_BLOCKS = YES;
				GCC_OPTIMIZATION_LEVEL = 0;
				GCC_PREPROCESSOR_DEFINITIONS = (
					"DEBUG=1",
					"$(inherited)",
				);
				GCC_WARN_64_TO_32_BIT_CONVERSION = YES;
				GCC_WARN_ABOUT_RETURN_TYPE = YES_ERROR;
				GCC_WARN_UNDECLARED_SELECTOR = YES;
				GCC_WARN_UNINITIALIZED_AUTOS = YES_AGGRESSIVE;
				GCC_WARN_UNUSED_FUNCTION = YES;
				GCC_WARN_UNUSED_VARIABLE = YES;
				IPHONEOS_DEPLOYMENT_TARGET = 14.0;
				MTL_ENABLE_DEBUG_INFO = INCLUDE_SOURCE;
				MTL_FAST_MATH = YES;
				ONLY_ACTIVE_ARCH = YES;
				SDKROOT = iphoneos;
				SWIFT_ACTIVE_COMPILATION_CONDITIONS = DEBUG;
				SWIFT_OPTIMIZATION_LEVEL = "-Onone";
			};
			name = Debug;
		};
		7C264ABB25413D000079AB91 /* Release */ = {
			isa = XCBuildConfiguration;
			buildSettings = {
				ALWAYS_SEARCH_USER_PATHS = NO;
				CLANG_ANALYZER_NONNULL = YES;
				CLANG_ANALYZER_NUMBER_OBJECT_CONVERSION = YES_AGGRESSIVE;
				CLANG_CXX_LANGUAGE_STANDARD = "gnu++14";
				CLANG_CXX_LIBRARY = "libc++";
				CLANG_ENABLE_MODULES = YES;
				CLANG_ENABLE_OBJC_ARC = YES;
				CLANG_ENABLE_OBJC_WEAK = YES;
				CLANG_WARN_BLOCK_CAPTURE_AUTORELEASING = YES;
				CLANG_WARN_BOOL_CONVERSION = YES;
				CLANG_WARN_COMMA = YES;
				CLANG_WARN_CONSTANT_CONVERSION = YES;
				CLANG_WARN_DEPRECATED_OBJC_IMPLEMENTATIONS = YES;
				CLANG_WARN_DIRECT_OBJC_ISA_USAGE = YES_ERROR;
				CLANG_WARN_DOCUMENTATION_COMMENTS = YES;
				CLANG_WARN_EMPTY_BODY = YES;
				CLANG_WARN_ENUM_CONVERSION = YES;
				CLANG_WARN_INFINITE_RECURSION = YES;
				CLANG_WARN_INT_CONVERSION = YES;
				CLANG_WARN_NON_LITERAL_NULL_CONVERSION = YES;
				CLANG_WARN_OBJC_IMPLICIT_RETAIN_SELF = YES;
				CLANG_WARN_OBJC_LITERAL_CONVERSION = YES;
				CLANG_WARN_OBJC_ROOT_CLASS = YES_ERROR;
				CLANG_WARN_QUOTED_INCLUDE_IN_FRAMEWORK_HEADER = YES;
				CLANG_WARN_RANGE_LOOP_ANALYSIS = YES;
				CLANG_WARN_STRICT_PROTOTYPES = YES;
				CLANG_WARN_SUSPICIOUS_MOVE = YES;
				CLANG_WARN_UNGUARDED_AVAILABILITY = YES_AGGRESSIVE;
				CLANG_WARN_UNREACHABLE_CODE = YES;
				CLANG_WARN__DUPLICATE_METHOD_MATCH = YES;
				COPY_PHASE_STRIP = NO;
				DEBUG_INFORMATION_FORMAT = "dwarf-with-dsym";
				ENABLE_NS_ASSERTIONS = NO;
				ENABLE_STRICT_OBJC_MSGSEND = YES;
				GCC_C_LANGUAGE_STANDARD = gnu11;
				GCC_NO_COMMON_BLOCKS = YES;
				GCC_WARN_64_TO_32_BIT_CONVERSION = YES;
				GCC_WARN_ABOUT_RETURN_TYPE = YES_ERROR;
				GCC_WARN_UNDECLARED_SELECTOR = YES;
				GCC_WARN_UNINITIALIZED_AUTOS = YES_AGGRESSIVE;
				GCC_WARN_UNUSED_FUNCTION = YES;
				GCC_WARN_UNUSED_VARIABLE = YES;
				IPHONEOS_DEPLOYMENT_TARGET = 14.0;
				MTL_ENABLE_DEBUG_INFO = NO;
				MTL_FAST_MATH = YES;
				SDKROOT = iphoneos;
				SWIFT_COMPILATION_MODE = wholemodule;
				SWIFT_OPTIMIZATION_LEVEL = "-O";
				VALIDATE_PRODUCT = YES;
			};
			name = Release;
		};
		7C264ABD25413D000079AB91 /* Debug */ = {
			isa = XCBuildConfiguration;
			baseConfigurationReference = 795906CACBF38C0060AE161E /* Pods-Parstagram.debug.xcconfig */;
			buildSettings = {
				ASSETCATALOG_COMPILER_APPICON_NAME = AppIcon;
				ASSETCATALOG_COMPILER_GLOBAL_ACCENT_COLOR_NAME = AccentColor;
				CODE_SIGN_STYLE = Automatic;
				INFOPLIST_FILE = Parstagram/Info.plist;
				LD_RUNPATH_SEARCH_PATHS = (
					"$(inherited)",
					"@executable_path/Frameworks",
				);
				PRODUCT_BUNDLE_IDENTIFIER = Codepath.Parstagram;
				PRODUCT_NAME = "$(TARGET_NAME)";
				SWIFT_VERSION = 5.0;
				TARGETED_DEVICE_FAMILY = "1,2";
			};
			name = Debug;
		};
		7C264ABE25413D000079AB91 /* Release */ = {
			isa = XCBuildConfiguration;
			baseConfigurationReference = 01A52F4BDEA541C6038B7C6B /* Pods-Parstagram.release.xcconfig */;
			buildSettings = {
				ASSETCATALOG_COMPILER_APPICON_NAME = AppIcon;
				ASSETCATALOG_COMPILER_GLOBAL_ACCENT_COLOR_NAME = AccentColor;
				CODE_SIGN_STYLE = Automatic;
				INFOPLIST_FILE = Parstagram/Info.plist;
				LD_RUNPATH_SEARCH_PATHS = (
					"$(inherited)",
					"@executable_path/Frameworks",
				);
				PRODUCT_BUNDLE_IDENTIFIER = Codepath.Parstagram;
				PRODUCT_NAME = "$(TARGET_NAME)";
				SWIFT_VERSION = 5.0;
				TARGETED_DEVICE_FAMILY = "1,2";
			};
			name = Release;
		};
		7C264AC025413D000079AB91 /* Debug */ = {
			isa = XCBuildConfiguration;
			baseConfigurationReference = F4EBDBEA6D5E2955BF84B7ED /* Pods-ParstagramTests.debug.xcconfig */;
			buildSettings = {
				ALWAYS_EMBED_SWIFT_STANDARD_LIBRARIES = YES;
				BUNDLE_LOADER = "$(TEST_HOST)";
				CODE_SIGN_STYLE = Automatic;
				INFOPLIST_FILE = ParstagramTests/Info.plist;
				IPHONEOS_DEPLOYMENT_TARGET = 14.0;
				LD_RUNPATH_SEARCH_PATHS = (
					"$(inherited)",
					"@executable_path/Frameworks",
					"@loader_path/Frameworks",
				);
				PRODUCT_BUNDLE_IDENTIFIER = Codepath.ParstagramTests;
				PRODUCT_NAME = "$(TARGET_NAME)";
				SWIFT_VERSION = 5.0;
				TARGETED_DEVICE_FAMILY = "1,2";
				TEST_HOST = "$(BUILT_PRODUCTS_DIR)/Parstagram.app/Parstagram";
			};
			name = Debug;
		};
		7C264AC125413D000079AB91 /* Release */ = {
			isa = XCBuildConfiguration;
			baseConfigurationReference = 6805B44250D703E508074B56 /* Pods-ParstagramTests.release.xcconfig */;
			buildSettings = {
				ALWAYS_EMBED_SWIFT_STANDARD_LIBRARIES = YES;
				BUNDLE_LOADER = "$(TEST_HOST)";
				CODE_SIGN_STYLE = Automatic;
				INFOPLIST_FILE = ParstagramTests/Info.plist;
				IPHONEOS_DEPLOYMENT_TARGET = 14.0;
				LD_RUNPATH_SEARCH_PATHS = (
					"$(inherited)",
					"@executable_path/Frameworks",
					"@loader_path/Frameworks",
				);
				PRODUCT_BUNDLE_IDENTIFIER = Codepath.ParstagramTests;
				PRODUCT_NAME = "$(TARGET_NAME)";
				SWIFT_VERSION = 5.0;
				TARGETED_DEVICE_FAMILY = "1,2";
				TEST_HOST = "$(BUILT_PRODUCTS_DIR)/Parstagram.app/Parstagram";
			};
			name = Release;
		};
		7C264AC325413D000079AB91 /* Debug */ = {
			isa = XCBuildConfiguration;
			baseConfigurationReference = EAEE87DF3AC0ABAB399D74BE /* Pods-Parstagram-ParstagramUITests.debug.xcconfig */;
			buildSettings = {
				ALWAYS_EMBED_SWIFT_STANDARD_LIBRARIES = YES;
				CODE_SIGN_STYLE = Automatic;
				INFOPLIST_FILE = ParstagramUITests/Info.plist;
				LD_RUNPATH_SEARCH_PATHS = (
					"$(inherited)",
					"@executable_path/Frameworks",
					"@loader_path/Frameworks",
				);
				PRODUCT_BUNDLE_IDENTIFIER = Codepath.ParstagramUITests;
				PRODUCT_NAME = "$(TARGET_NAME)";
				SWIFT_VERSION = 5.0;
				TARGETED_DEVICE_FAMILY = "1,2";
				TEST_TARGET_NAME = Parstagram;
			};
			name = Debug;
		};
		7C264AC425413D000079AB91 /* Release */ = {
			isa = XCBuildConfiguration;
			baseConfigurationReference = 7CE4A5DD9740D88738219072 /* Pods-Parstagram-ParstagramUITests.release.xcconfig */;
			buildSettings = {
				ALWAYS_EMBED_SWIFT_STANDARD_LIBRARIES = YES;
				CODE_SIGN_STYLE = Automatic;
				INFOPLIST_FILE = ParstagramUITests/Info.plist;
				LD_RUNPATH_SEARCH_PATHS = (
					"$(inherited)",
					"@executable_path/Frameworks",
					"@loader_path/Frameworks",
				);
				PRODUCT_BUNDLE_IDENTIFIER = Codepath.ParstagramUITests;
				PRODUCT_NAME = "$(TARGET_NAME)";
				SWIFT_VERSION = 5.0;
				TARGETED_DEVICE_FAMILY = "1,2";
				TEST_TARGET_NAME = Parstagram;
			};
			name = Release;
		};
/* End XCBuildConfiguration section */

/* Begin XCConfigurationList section */
		7C264A8D25413CFD0079AB91 /* Build configuration list for PBXProject "Parstagram" */ = {
			isa = XCConfigurationList;
			buildConfigurations = (
				7C264ABA25413D000079AB91 /* Debug */,
				7C264ABB25413D000079AB91 /* Release */,
			);
			defaultConfigurationIsVisible = 0;
			defaultConfigurationName = Release;
		};
		7C264ABC25413D000079AB91 /* Build configuration list for PBXNativeTarget "Parstagram" */ = {
			isa = XCConfigurationList;
			buildConfigurations = (
				7C264ABD25413D000079AB91 /* Debug */,
				7C264ABE25413D000079AB91 /* Release */,
			);
			defaultConfigurationIsVisible = 0;
			defaultConfigurationName = Release;
		};
		7C264ABF25413D000079AB91 /* Build configuration list for PBXNativeTarget "ParstagramTests" */ = {
			isa = XCConfigurationList;
			buildConfigurations = (
				7C264AC025413D000079AB91 /* Debug */,
				7C264AC125413D000079AB91 /* Release */,
			);
			defaultConfigurationIsVisible = 0;
			defaultConfigurationName = Release;
		};
		7C264AC225413D000079AB91 /* Build configuration list for PBXNativeTarget "ParstagramUITests" */ = {
			isa = XCConfigurationList;
			buildConfigurations = (
				7C264AC325413D000079AB91 /* Debug */,
				7C264AC425413D000079AB91 /* Release */,
			);
			defaultConfigurationIsVisible = 0;
			defaultConfigurationName = Release;
		};
/* End XCConfigurationList section */
	};
	rootObject = 7C264A8A25413CFD0079AB91 /* Project object */;
}
